
Microsoft Visual Studio Solution File, Format Version 12.00
# Visual Studio Version 17
VisualStudioVersion = 17.5.33516.290
MinimumVisualStudioVersion = 10.0.40219.1
Project("{FAE04EC0-301F-11D3-BF4B-00C04F79EFBC}") = "Ejercicio17", "Ejercicio17.csproj", "{24BAD692-48BE-4E72-8319-19AF4E3CEAD1}"
EndProject
Project("{FAE04EC0-301F-11D3-BF4B-00C04F79EFBC}") = "Entidades", "..\Entidades\Entidades.csproj", "{F1E24255-3C3D-4A4F-9B5F-D6FE6FC62765}"
EndProject
Global
	GlobalSection(SolutionConfigurationPlatforms) = preSolution
		Debug|Any CPU = Debug|Any CPU
		Release|Any CPU = Release|Any CPU
	EndGlobalSection
	GlobalSection(ProjectConfigurationPlatforms) = postSolution
		{24BAD692-48BE-4E72-8319-19AF4E3CEAD1}.Debug|Any CPU.ActiveCfg = Debug|Any CPU
		{24BAD692-48BE-4E72-8319-19AF4E3CEAD1}.Debug|Any CPU.Build.0 = Debug|Any CPU
		{24BAD692-48BE-4E72-8319-19AF4E3CEAD1}.Release|Any CPU.ActiveCfg = Release|Any CPU
		{24BAD692-48BE-4E72-8319-19AF4E3CEAD1}.Release|Any CPU.Build.0 = Release|Any CPU
		{F1E24255-3C3D-4A4F-9B5F-D6FE6FC62765}.Debug|Any CPU.ActiveCfg = Debug|Any CPU
		{F1E24255-3C3D-4A4F-9B5F-D6FE6FC62765}.Debug|Any CPU.Build.0 = Debug|Any CPU
		{F1E24255-3C3D-4A4F-9B5F-D6FE6FC62765}.Release|Any CPU.ActiveCfg = Release|Any CPU
		{F1E24255-3C3D-4A4F-9B5F-D6FE6FC62765}.Release|Any CPU.Build.0 = Release|Any CPU
	EndGlobalSection
	GlobalSection(SolutionProperties) = preSolution
		HideSolutionNode = FALSE
	EndGlobalSection
	GlobalSection(ExtensibilityGlobals) = postSolution
		SolutionGuid = {A8E13A9D-F4FB-4FA4-9686-A1D4AECBDB27}
	EndGlobalSection
EndGlobal
