
Microsoft Visual Studio Solution File, Format Version 12.00
# Visual Studio Version 17
VisualStudioVersion = 17.5.33516.290
MinimumVisualStudioVersion = 10.0.40219.1
Project("{FAE04EC0-301F-11D3-BF4B-00C04F79EFBC}") = "Consola", "Consola\Consola.csproj", "{2CC36DF9-7A35-46E9-A4DE-CCC51BB61205}"
EndProject
Project("{FAE04EC0-301F-11D3-BF4B-00C04F79EFBC}") = "Entidades", "Entidades\Entidades.csproj", "{CF89BB5B-F39D-4586-A506-F37A331A5457}"
EndProject
Global
	GlobalSection(SolutionConfigurationPlatforms) = preSolution
		Debug|Any CPU = Debug|Any CPU
		Release|Any CPU = Release|Any CPU
	EndGlobalSection
	GlobalSection(ProjectConfigurationPlatforms) = postSolution
		{2CC36DF9-7A35-46E9-A4DE-CCC51BB61205}.Debug|Any CPU.ActiveCfg = Debug|Any CPU
		{2CC36DF9-7A35-46E9-A4DE-CCC51BB61205}.Debug|Any CPU.Build.0 = Debug|Any CPU
		{2CC36DF9-7A35-46E9-A4DE-CCC51BB61205}.Release|Any CPU.ActiveCfg = Release|Any CPU
		{2CC36DF9-7A35-46E9-A4DE-CCC51BB61205}.Release|Any CPU.Build.0 = Release|Any CPU
		{CF89BB5B-F39D-4586-A506-F37A331A5457}.Debug|Any CPU.ActiveCfg = Debug|Any CPU
		{CF89BB5B-F39D-4586-A506-F37A331A5457}.Debug|Any CPU.Build.0 = Debug|Any CPU
		{CF89BB5B-F39D-4586-A506-F37A331A5457}.Release|Any CPU.ActiveCfg = Release|Any CPU
		{CF89BB5B-F39D-4586-A506-F37A331A5457}.Release|Any CPU.Build.0 = Release|Any CPU
	EndGlobalSection
	GlobalSection(SolutionProperties) = preSolution
		HideSolutionNode = FALSE
	EndGlobalSection
	GlobalSection(ExtensibilityGlobals) = postSolution
		SolutionGuid = {F68184BB-65C4-40B1-B56C-05FD3CDF7CAD}
	EndGlobalSection
EndGlobal
