
Microsoft Visual Studio Solution File, Format Version 12.00
# Visual Studio Version 17
VisualStudioVersion = 17.5.33516.290
MinimumVisualStudioVersion = 10.0.40219.1
Project("{9A19103F-16F7-4668-BE54-9A1E7A4F7556}") = "Cotizador", "Cotizador.csproj", "{8DC79610-2038-4C1E-B473-3D3F1E734927}"
EndProject
Project("{9A19103F-16F7-4668-BE54-9A1E7A4F7556}") = "Billetes", "..\Billetes\Billetes.csproj", "{6A4BB1D4-5DC8-481F-B00A-DC84940EBC19}"
EndProject
Global
	GlobalSection(SolutionConfigurationPlatforms) = preSolution
		Debug|Any CPU = Debug|Any CPU
		Release|Any CPU = Release|Any CPU
	EndGlobalSection
	GlobalSection(ProjectConfigurationPlatforms) = postSolution
		{8DC79610-2038-4C1E-B473-3D3F1E734927}.Debug|Any CPU.ActiveCfg = Debug|Any CPU
		{8DC79610-2038-4C1E-B473-3D3F1E734927}.Debug|Any CPU.Build.0 = Debug|Any CPU
		{8DC79610-2038-4C1E-B473-3D3F1E734927}.Release|Any CPU.ActiveCfg = Release|Any CPU
		{8DC79610-2038-4C1E-B473-3D3F1E734927}.Release|Any CPU.Build.0 = Release|Any CPU
		{6A4BB1D4-5DC8-481F-B00A-DC84940EBC19}.Debug|Any CPU.ActiveCfg = Debug|Any CPU
		{6A4BB1D4-5DC8-481F-B00A-DC84940EBC19}.Debug|Any CPU.Build.0 = Debug|Any CPU
		{6A4BB1D4-5DC8-481F-B00A-DC84940EBC19}.Release|Any CPU.ActiveCfg = Release|Any CPU
		{6A4BB1D4-5DC8-481F-B00A-DC84940EBC19}.Release|Any CPU.Build.0 = Release|Any CPU
	EndGlobalSection
	GlobalSection(SolutionProperties) = preSolution
		HideSolutionNode = FALSE
	EndGlobalSection
	GlobalSection(ExtensibilityGlobals) = postSolution
		SolutionGuid = {1A61F186-3EE9-42C3-992E-26946595B25B}
	EndGlobalSection
EndGlobal
