
Microsoft Visual Studio Solution File, Format Version 12.00
# Visual Studio Version 17
VisualStudioVersion = 17.5.33516.290
MinimumVisualStudioVersion = 10.0.40219.1
Project("{9A19103F-16F7-4668-BE54-9A1E7A4F7556}") = "I02 - Registrate", "I02 - Registrate.csproj", "{9C08F5BB-0EC4-4A86-ABC3-701A4ABB56E5}"
EndProject
Project("{9A19103F-16F7-4668-BE54-9A1E7A4F7556}") = "Biblioteca", "..\Biblioteca\Biblioteca.csproj", "{489F19DC-CA3B-42A7-B8BC-D3B2F660534A}"
EndProject
Global
	GlobalSection(SolutionConfigurationPlatforms) = preSolution
		Debug|Any CPU = Debug|Any CPU
		Release|Any CPU = Release|Any CPU
	EndGlobalSection
	GlobalSection(ProjectConfigurationPlatforms) = postSolution
		{9C08F5BB-0EC4-4A86-ABC3-701A4ABB56E5}.Debug|Any CPU.ActiveCfg = Debug|Any CPU
		{9C08F5BB-0EC4-4A86-ABC3-701A4ABB56E5}.Debug|Any CPU.Build.0 = Debug|Any CPU
		{9C08F5BB-0EC4-4A86-ABC3-701A4ABB56E5}.Release|Any CPU.ActiveCfg = Release|Any CPU
		{9C08F5BB-0EC4-4A86-ABC3-701A4ABB56E5}.Release|Any CPU.Build.0 = Release|Any CPU
		{489F19DC-CA3B-42A7-B8BC-D3B2F660534A}.Debug|Any CPU.ActiveCfg = Debug|Any CPU
		{489F19DC-CA3B-42A7-B8BC-D3B2F660534A}.Debug|Any CPU.Build.0 = Debug|Any CPU
		{489F19DC-CA3B-42A7-B8BC-D3B2F660534A}.Release|Any CPU.ActiveCfg = Release|Any CPU
		{489F19DC-CA3B-42A7-B8BC-D3B2F660534A}.Release|Any CPU.Build.0 = Release|Any CPU
	EndGlobalSection
	GlobalSection(SolutionProperties) = preSolution
		HideSolutionNode = FALSE
	EndGlobalSection
	GlobalSection(ExtensibilityGlobals) = postSolution
		SolutionGuid = {4CFFD58E-025A-4667-9A04-D62DA1BADD5C}
	EndGlobalSection
EndGlobal
