
Microsoft Visual Studio Solution File, Format Version 12.00
# Visual Studio Version 17
VisualStudioVersion = 17.5.33516.290
MinimumVisualStudioVersion = 10.0.40219.1
Project("{FAE04EC0-301F-11D3-BF4B-00C04F79EFBC}") = "Ejercicio15", "Ejercicio15.csproj", "{2663E0C9-6DD4-46A8-AC83-DCF224A32793}"
EndProject
Global
	GlobalSection(SolutionConfigurationPlatforms) = preSolution
		Debug|Any CPU = Debug|Any CPU
		Release|Any CPU = Release|Any CPU
	EndGlobalSection
	GlobalSection(ProjectConfigurationPlatforms) = postSolution
		{2663E0C9-6DD4-46A8-AC83-DCF224A32793}.Debug|Any CPU.ActiveCfg = Debug|Any CPU
		{2663E0C9-6DD4-46A8-AC83-DCF224A32793}.Debug|Any CPU.Build.0 = Debug|Any CPU
		{2663E0C9-6DD4-46A8-AC83-DCF224A32793}.Release|Any CPU.ActiveCfg = Release|Any CPU
		{2663E0C9-6DD4-46A8-AC83-DCF224A32793}.Release|Any CPU.Build.0 = Release|Any CPU
	EndGlobalSection
	GlobalSection(SolutionProperties) = preSolution
		HideSolutionNode = FALSE
	EndGlobalSection
	GlobalSection(ExtensibilityGlobals) = postSolution
		SolutionGuid = {F56B230A-63B8-49BE-9319-F229B9BF5AB6}
	EndGlobalSection
EndGlobal
