
Microsoft Visual Studio Solution File, Format Version 12.00
# Visual Studio Version 17
VisualStudioVersion = 17.5.33516.290
MinimumVisualStudioVersion = 10.0.40219.1
Project("{FAE04EC0-301F-11D3-BF4B-00C04F79EFBC}") = "Ejercicio19", "Ejercicio19.csproj", "{7FD9EEED-E025-42E6-8EBF-3F352D9161F0}"
EndProject
Project("{FAE04EC0-301F-11D3-BF4B-00C04F79EFBC}") = "Entidades", "..\ClassLibrary1\Entidades.csproj", "{1A219043-86E6-45CA-8CD7-40E168D93041}"
EndProject
Global
	GlobalSection(SolutionConfigurationPlatforms) = preSolution
		Debug|Any CPU = Debug|Any CPU
		Release|Any CPU = Release|Any CPU
	EndGlobalSection
	GlobalSection(ProjectConfigurationPlatforms) = postSolution
		{7FD9EEED-E025-42E6-8EBF-3F352D9161F0}.Debug|Any CPU.ActiveCfg = Debug|Any CPU
		{7FD9EEED-E025-42E6-8EBF-3F352D9161F0}.Debug|Any CPU.Build.0 = Debug|Any CPU
		{7FD9EEED-E025-42E6-8EBF-3F352D9161F0}.Release|Any CPU.ActiveCfg = Release|Any CPU
		{7FD9EEED-E025-42E6-8EBF-3F352D9161F0}.Release|Any CPU.Build.0 = Release|Any CPU
		{1A219043-86E6-45CA-8CD7-40E168D93041}.Debug|Any CPU.ActiveCfg = Debug|Any CPU
		{1A219043-86E6-45CA-8CD7-40E168D93041}.Debug|Any CPU.Build.0 = Debug|Any CPU
		{1A219043-86E6-45CA-8CD7-40E168D93041}.Release|Any CPU.ActiveCfg = Release|Any CPU
		{1A219043-86E6-45CA-8CD7-40E168D93041}.Release|Any CPU.Build.0 = Release|Any CPU
	EndGlobalSection
	GlobalSection(SolutionProperties) = preSolution
		HideSolutionNode = FALSE
	EndGlobalSection
	GlobalSection(ExtensibilityGlobals) = postSolution
		SolutionGuid = {BAACF150-D4F8-47DE-9B49-E35FC211B359}
	EndGlobalSection
EndGlobal
